
Microsoft Visual Studio Solution File, Format Version 12.00
# Visual Studio 15
VisualStudioVersion = 15.0.27703.2018
MinimumVisualStudioVersion = 10.0.40219.1
Project("{FAE04EC0-301F-11D3-BF4B-00C04F79EFBC}") = "Algorhytme", "Algorhytme\Algorhytme.csproj", "{FADB70FA-0881-45A0-B428-06448689BFFC}"
EndProject
Global
	GlobalSection(SolutionConfigurationPlatforms) = preSolution
		Debug|Any CPU = Debug|Any CPU
		Release|Any CPU = Release|Any CPU
	EndGlobalSection
	GlobalSection(ProjectConfigurationPlatforms) = postSolution
		{FADB70FA-0881-45A0-B428-06448689BFFC}.Debug|Any CPU.ActiveCfg = Debug|Any CPU
		{FADB70FA-0881-45A0-B428-06448689BFFC}.Debug|Any CPU.Build.0 = Debug|Any CPU
		{FADB70FA-0881-45A0-B428-06448689BFFC}.Release|Any CPU.ActiveCfg = Release|Any CPU
		{FADB70FA-0881-45A0-B428-06448689BFFC}.Release|Any CPU.Build.0 = Release|Any CPU
	EndGlobalSection
	GlobalSection(SolutionProperties) = preSolution
		HideSolutionNode = FALSE
	EndGlobalSection
	GlobalSection(ExtensibilityGlobals) = postSolution
		SolutionGuid = {D842FEB9-429A-41CB-AD51-A986BDB30F8F}
	EndGlobalSection
EndGlobal
